PODS:
  - Alamofire (4.5.1)
  - SwiftyJSON (4.0.0)
  - ZKLog (1.0)
  - ZKProgressHUD (2.0)
  - ZKStatusBarNotification (1.2)

DEPENDENCIES:
  - Alamofire
  - SwiftyJSON
  - ZKLog
  - ZKProgressHUD
  - ZKStatusBarNotification

SPEC CHECKSUMS:
  Alamofire: 2d95912bf4c34f164fdfc335872e8c312acaea4a
  SwiftyJSON: 070dabdcb1beb81b247c65ffa3a79dbbfb3b48aa
  ZKLog: 7f89be1aee90afc58ff6a7a1ceb60d9c568dbd7d
  ZKProgressHUD: 73bedb217f3c844db32256e6914667ff59580eed
  ZKStatusBarNotification: bad7b5d8acbf109f1d0508a6e1c8cd19e3625fc8

PODFILE CHECKSUM: 9bb14cccb6e0775c5b23fa9c0d6d7241c989f4f0

COCOAPODS: 1.4.0.beta.2
